
Microsoft Visual Studio Solution File, Format Version 12.00
# Visual Studio Version 17
VisualStudioVersion = 17.8.34330.188
MinimumVisualStudioVersion = 10.0.40219.1
Project("{FAE04EC0-301F-11D3-BF4B-00C04F79EFBC}") = "Labb 3 Poly", "Labb 3 Poly.csproj", "{2C21A177-D38F-4072-A11E-E06C2A800396}"
EndProject
Global
	GlobalSection(SolutionConfigurationPlatforms) = preSolution
		Debug|Any CPU = Debug|Any CPU
		Release|Any CPU = Release|Any CPU
	EndGlobalSection
	GlobalSection(ProjectConfigurationPlatforms) = postSolution
		{2C21A177-D38F-4072-A11E-E06C2A800396}.Debug|Any CPU.ActiveCfg = Debug|Any CPU
		{2C21A177-D38F-4072-A11E-E06C2A800396}.Debug|Any CPU.Build.0 = Debug|Any CPU
		{2C21A177-D38F-4072-A11E-E06C2A800396}.Release|Any CPU.ActiveCfg = Release|Any CPU
		{2C21A177-D38F-4072-A11E-E06C2A800396}.Release|Any CPU.Build.0 = Release|Any CPU
	EndGlobalSection
	GlobalSection(SolutionProperties) = preSolution
		HideSolutionNode = FALSE
	EndGlobalSection
	GlobalSection(ExtensibilityGlobals) = postSolution
		SolutionGuid = {B191D0C7-EBBE-4A4F-93F8-4E49DE1B8773}
	EndGlobalSection
EndGlobal
